
Microsoft Visual Studio Solution File, Format Version 12.00
# Visual Studio 2012
Project("{FAE04EC0-301F-11D3-BF4B-00C04F79EFBC}") = "FP.Main", "FP.Main\FP.Main.csproj", "{C65EC34A-C24E-4F18-B048-F49854A89B70}"
EndProject
Project("{FAE04EC0-301F-11D3-BF4B-00C04F79EFBC}") = "FP.Data", "FP.Data\FP.Data.csproj", "{5BD46188-DF83-46C4-AF1A-CAE3E4802BA5}"
EndProject
Project("{FAE04EC0-301F-11D3-BF4B-00C04F79EFBC}") = "FP.Entity", "FP.Entity\FP.Entity.csproj", "{8D4C9493-109F-48A9-9B94-B1B772577B15}"
EndProject
Global
	GlobalSection(SolutionConfigurationPlatforms) = preSolution
		Debug|Any CPU = Debug|Any CPU
		Release|Any CPU = Release|Any CPU
	EndGlobalSection
	GlobalSection(ProjectConfigurationPlatforms) = postSolution
		{C65EC34A-C24E-4F18-B048-F49854A89B70}.Debug|Any CPU.ActiveCfg = Debug|Any CPU
		{C65EC34A-C24E-4F18-B048-F49854A89B70}.Debug|Any CPU.Build.0 = Debug|Any CPU
		{C65EC34A-C24E-4F18-B048-F49854A89B70}.Release|Any CPU.ActiveCfg = Release|Any CPU
		{C65EC34A-C24E-4F18-B048-F49854A89B70}.Release|Any CPU.Build.0 = Release|Any CPU
		{5BD46188-DF83-46C4-AF1A-CAE3E4802BA5}.Debug|Any CPU.ActiveCfg = Debug|Any CPU
		{5BD46188-DF83-46C4-AF1A-CAE3E4802BA5}.Debug|Any CPU.Build.0 = Debug|Any CPU
		{5BD46188-DF83-46C4-AF1A-CAE3E4802BA5}.Release|Any CPU.ActiveCfg = Release|Any CPU
		{5BD46188-DF83-46C4-AF1A-CAE3E4802BA5}.Release|Any CPU.Build.0 = Release|Any CPU
		{8D4C9493-109F-48A9-9B94-B1B772577B15}.Debug|Any CPU.ActiveCfg = Debug|Any CPU
		{8D4C9493-109F-48A9-9B94-B1B772577B15}.Debug|Any CPU.Build.0 = Debug|Any CPU
		{8D4C9493-109F-48A9-9B94-B1B772577B15}.Release|Any CPU.ActiveCfg = Release|Any CPU
		{8D4C9493-109F-48A9-9B94-B1B772577B15}.Release|Any CPU.Build.0 = Release|Any CPU
	EndGlobalSection
	GlobalSection(SolutionProperties) = preSolution
		HideSolutionNode = FALSE
	EndGlobalSection
EndGlobal
